
Microsoft Visual Studio Solution File, Format Version 12.00
# Visual Studio 14
VisualStudioVersion = 14.0.23107.0
MinimumVisualStudioVersion = 10.0.40219.1
Project("{FAE04EC0-301F-11D3-BF4B-00C04F79EFBC}") = "GoogleFileSync.Console", "GoogleFileSync.Console\GoogleFileSync.Console.csproj", "{01193822-5EB4-410E-B122-BF6AE31E850C}"
EndProject
Project("{FAE04EC0-301F-11D3-BF4B-00C04F79EFBC}") = "GoogleFileSync", "GoogleFileSync\GoogleFileSync.csproj", "{8B9EBFDD-4CC8-469A-9988-B98CF91206A5}"
EndProject
Global
	GlobalSection(SolutionConfigurationPlatforms) = preSolution
		Debug|Any CPU = Debug|Any CPU
		Release|Any CPU = Release|Any CPU
	EndGlobalSection
	GlobalSection(ProjectConfigurationPlatforms) = postSolution
		{01193822-5EB4-410E-B122-BF6AE31E850C}.Debug|Any CPU.ActiveCfg = Debug|Any CPU
		{01193822-5EB4-410E-B122-BF6AE31E850C}.Debug|Any CPU.Build.0 = Debug|Any CPU
		{01193822-5EB4-410E-B122-BF6AE31E850C}.Release|Any CPU.ActiveCfg = Release|Any CPU
		{01193822-5EB4-410E-B122-BF6AE31E850C}.Release|Any CPU.Build.0 = Release|Any CPU
		{8B9EBFDD-4CC8-469A-9988-B98CF91206A5}.Debug|Any CPU.ActiveCfg = Debug|Any CPU
		{8B9EBFDD-4CC8-469A-9988-B98CF91206A5}.Debug|Any CPU.Build.0 = Debug|Any CPU
		{8B9EBFDD-4CC8-469A-9988-B98CF91206A5}.Release|Any CPU.ActiveCfg = Release|Any CPU
		{8B9EBFDD-4CC8-469A-9988-B98CF91206A5}.Release|Any CPU.Build.0 = Release|Any CPU
	EndGlobalSection
	GlobalSection(SolutionProperties) = preSolution
		HideSolutionNode = FALSE
	EndGlobalSection
EndGlobal
